
Microsoft Visual Studio Solution File, Format Version 12.00
# Visual Studio 15
VisualStudioVersion = 15.0.28307.1622
MinimumVisualStudioVersion = 10.0.40219.1
Project("{FAE04EC0-301F-11D3-BF4B-00C04F79EFBC}") = "PluginInterface", "PluginInterface\PluginInterface.csproj", "{21F7416E-60A7-43AB-B9F6-8B51EA57FE2A}"
EndProject
Global
	GlobalSection(SolutionConfigurationPlatforms) = preSolution
		Debug|Any CPU = Debug|Any CPU
		Release|Any CPU = Release|Any CPU
	EndGlobalSection
	GlobalSection(ProjectConfigurationPlatforms) = postSolution
		{21F7416E-60A7-43AB-B9F6-8B51EA57FE2A}.Debug|Any CPU.ActiveCfg = Debug|Any CPU
		{21F7416E-60A7-43AB-B9F6-8B51EA57FE2A}.Debug|Any CPU.Build.0 = Debug|Any CPU
		{21F7416E-60A7-43AB-B9F6-8B51EA57FE2A}.Release|Any CPU.ActiveCfg = Release|Any CPU
		{21F7416E-60A7-43AB-B9F6-8B51EA57FE2A}.Release|Any CPU.Build.0 = Release|Any CPU
	EndGlobalSection
	GlobalSection(SolutionProperties) = preSolution
		HideSolutionNode = FALSE
	EndGlobalSection
	GlobalSection(ExtensibilityGlobals) = postSolution
		SolutionGuid = {AF1848D4-A3D6-49BA-9931-E3F1D751D710}
	EndGlobalSection
EndGlobal
